
Microsoft Visual Studio Solution File, Format Version 12.00
# Visual Studio Version 17
VisualStudioVersion = 17.5.002.0
MinimumVisualStudioVersion = 10.0.40219.1
Project("{2150E333-8FDC-42A3-9474-1A3956D46DE8}") = "csharp-prep", "csharp-prep", "{07905349-F190-4089-BD46-458CDD9C99AC}"
EndProject
Project("{9A19103F-16F7-4668-BE54-9A1E7A4F7556}") = "Prep1", "csharp-prep\Prep1\Prep1.csproj", "{3C74BF94-212A-48D7-A235-0D86FD000FB7}"
EndProject
Project("{9A19103F-16F7-4668-BE54-9A1E7A4F7556}") = "Prep2", "csharp-prep\Prep2\Prep2.csproj", "{28930817-B2A1-49ED-AC37-4EFE0238B51B}"
EndProject
Project("{9A19103F-16F7-4668-BE54-9A1E7A4F7556}") = "Prep3", "csharp-prep\Prep3\Prep3.csproj", "{712D23E0-51F5-4A1D-913B-A7B50CC5250F}"
EndProject
Project("{9A19103F-16F7-4668-BE54-9A1E7A4F7556}") = "Prep4", "csharp-prep\Prep4\Prep4.csproj", "{AB69A5FC-B62F-4728-98FE-134A1DAEC647}"
EndProject
Project("{9A19103F-16F7-4668-BE54-9A1E7A4F7556}") = "Prep5", "csharp-prep\Prep5\Prep5.csproj", "{FBC014A3-A36C-4AFF-B681-296016B772B5}"
EndProject
Project("{2150E333-8FDC-42A3-9474-1A3956D46DE8}") = "final", "final", "{8D6C950E-EFA5-4BF3-908D-9816EA84B3C0}"
EndProject
Project("{9A19103F-16F7-4668-BE54-9A1E7A4F7556}") = "FinalProject", "final\FinalProject\FinalProject.csproj", "{5CC028A8-ACF7-4FCF-AB15-9C0E40270598}"
EndProject
Project("{9A19103F-16F7-4668-BE54-9A1E7A4F7556}") = "Foundation1", "final\Foundation1\Foundation1.csproj", "{2F64AFBE-6C56-4C41-8E52-FE20ED551E01}"
EndProject
Project("{9A19103F-16F7-4668-BE54-9A1E7A4F7556}") = "Foundation2", "final\Foundation2\Foundation2.csproj", "{CB227327-B512-4442-8F88-68276CB9EF7E}"
EndProject
Project("{9A19103F-16F7-4668-BE54-9A1E7A4F7556}") = "Foundation3", "final\Foundation3\Foundation3.csproj", "{2A59654E-A330-4DDB-A7EF-BF650EB33A66}"
EndProject
Project("{9A19103F-16F7-4668-BE54-9A1E7A4F7556}") = "Foundation4", "final\Foundation4\Foundation4.csproj", "{6538A3C4-16CB-4298-81FF-B0D2CBBA472D}"
EndProject
Project("{2150E333-8FDC-42A3-9474-1A3956D46DE8}") = "prepare", "prepare", "{2FD8E4DB-CAD3-493A-AEB0-FE5525EEB499}"
EndProject
Project("{9A19103F-16F7-4668-BE54-9A1E7A4F7556}") = "Learning02", "prepare\Learning02\Learning02.csproj", "{1A5D48EF-C9B6-4EC7-B430-7A64B4F31030}"
EndProject
Project("{9A19103F-16F7-4668-BE54-9A1E7A4F7556}") = "Learning03", "prepare\Learning03\Learning03.csproj", "{EDDC7690-7AEE-4FE8-88FB-4015D5C607B7}"
EndProject
Project("{9A19103F-16F7-4668-BE54-9A1E7A4F7556}") = "Learning04", "prepare\Learning04\Learning04.csproj", "{039038DC-4498-4DC3-8FF0-B2EFCC4D3291}"
EndProject
Project("{9A19103F-16F7-4668-BE54-9A1E7A4F7556}") = "Learning05", "prepare\Learning05\Learning05.csproj", "{990DFFD4-075A-47D1-BD52-97D394E38645}"
EndProject
Project("{2150E333-8FDC-42A3-9474-1A3956D46DE8}") = "prove", "prove", "{CC776CFB-8BED-4CED-8807-A1B37E8B7AF9}"
EndProject
Project("{9A19103F-16F7-4668-BE54-9A1E7A4F7556}") = "Develop02", "prove\Develop02\Develop02.csproj", "{480F385F-75E5-4D9B-A77B-FC45751A50A0}"
EndProject
Project("{9A19103F-16F7-4668-BE54-9A1E7A4F7556}") = "Develop03", "prove\Develop03\Develop03.csproj", "{077D5D67-CDD9-4375-B54C-4DAE03A1B6CD}"
EndProject
Project("{9A19103F-16F7-4668-BE54-9A1E7A4F7556}") = "Develop04", "prove\Develop04\Develop04.csproj", "{E40DDAE9-F934-43B6-8D76-190F7C695B6A}"
EndProject
Project("{9A19103F-16F7-4668-BE54-9A1E7A4F7556}") = "Develop05", "prove\Develop05\Develop05.csproj", "{673A35BB-4DD8-4046-B871-102BA21472D2}"
EndProject
Project("{2150E333-8FDC-42A3-9474-1A3956D46DE8}") = "sandbox", "sandbox", "{79D21972-49F3-4CD9-B906-B84525475DF6}"
EndProject
Project("{9A19103F-16F7-4668-BE54-9A1E7A4F7556}") = "Sandbox", "sandbox\Sandbox\Sandbox.csproj", "{FD768B0F-519C-424A-836B-CF2E87138AE4}"
EndProject
Global
	GlobalSection(SolutionConfigurationPlatforms) = preSolution
		Debug|Any CPU = Debug|Any CPU
		Release|Any CPU = Release|Any CPU
	EndGlobalSection
	GlobalSection(ProjectConfigurationPlatforms) = postSolution
		{3C74BF94-212A-48D7-A235-0D86FD000FB7}.Debug|Any CPU.ActiveCfg = Debug|Any CPU
		{3C74BF94-212A-48D7-A235-0D86FD000FB7}.Debug|Any CPU.Build.0 = Debug|Any CPU
		{3C74BF94-212A-48D7-A235-0D86FD000FB7}.Release|Any CPU.ActiveCfg = Release|Any CPU
		{3C74BF94-212A-48D7-A235-0D86FD000FB7}.Release|Any CPU.Build.0 = Release|Any CPU
		{28930817-B2A1-49ED-AC37-4EFE0238B51B}.Debug|Any CPU.ActiveCfg = Debug|Any CPU
		{28930817-B2A1-49ED-AC37-4EFE0238B51B}.Debug|Any CPU.Build.0 = Debug|Any CPU
		{28930817-B2A1-49ED-AC37-4EFE0238B51B}.Release|Any CPU.ActiveCfg = Release|Any CPU
		{28930817-B2A1-49ED-AC37-4EFE0238B51B}.Release|Any CPU.Build.0 = Release|Any CPU
		{712D23E0-51F5-4A1D-913B-A7B50CC5250F}.Debug|Any CPU.ActiveCfg = Debug|Any CPU
		{712D23E0-51F5-4A1D-913B-A7B50CC5250F}.Debug|Any CPU.Build.0 = Debug|Any CPU
		{712D23E0-51F5-4A1D-913B-A7B50CC5250F}.Release|Any CPU.ActiveCfg = Release|Any CPU
		{712D23E0-51F5-4A1D-913B-A7B50CC5250F}.Release|Any CPU.Build.0 = Release|Any CPU
		{AB69A5FC-B62F-4728-98FE-134A1DAEC647}.Debug|Any CPU.ActiveCfg = Debug|Any CPU
		{AB69A5FC-B62F-4728-98FE-134A1DAEC647}.Debug|Any CPU.Build.0 = Debug|Any CPU
		{AB69A5FC-B62F-4728-98FE-134A1DAEC647}.Release|Any CPU.ActiveCfg = Release|Any CPU
		{AB69A5FC-B62F-4728-98FE-134A1DAEC647}.Release|Any CPU.Build.0 = Release|Any CPU
		{FBC014A3-A36C-4AFF-B681-296016B772B5}.Debug|Any CPU.ActiveCfg = Debug|Any CPU
		{FBC014A3-A36C-4AFF-B681-296016B772B5}.Debug|Any CPU.Build.0 = Debug|Any CPU
		{FBC014A3-A36C-4AFF-B681-296016B772B5}.Release|Any CPU.ActiveCfg = Release|Any CPU
		{FBC014A3-A36C-4AFF-B681-296016B772B5}.Release|Any CPU.Build.0 = Release|Any CPU
		{5CC028A8-ACF7-4FCF-AB15-9C0E40270598}.Debug|Any CPU.ActiveCfg = Debug|Any CPU
		{5CC028A8-ACF7-4FCF-AB15-9C0E40270598}.Debug|Any CPU.Build.0 = Debug|Any CPU
		{5CC028A8-ACF7-4FCF-AB15-9C0E40270598}.Release|Any CPU.ActiveCfg = Release|Any CPU
		{5CC028A8-ACF7-4FCF-AB15-9C0E40270598}.Release|Any CPU.Build.0 = Release|Any CPU
		{2F64AFBE-6C56-4C41-8E52-FE20ED551E01}.Debug|Any CPU.ActiveCfg = Debug|Any CPU
		{2F64AFBE-6C56-4C41-8E52-FE20ED551E01}.Debug|Any CPU.Build.0 = Debug|Any CPU
		{2F64AFBE-6C56-4C41-8E52-FE20ED551E01}.Release|Any CPU.ActiveCfg = Release|Any CPU
		{2F64AFBE-6C56-4C41-8E52-FE20ED551E01}.Release|Any CPU.Build.0 = Release|Any CPU
		{CB227327-B512-4442-8F88-68276CB9EF7E}.Debug|Any CPU.ActiveCfg = Debug|Any CPU
		{CB227327-B512-4442-8F88-68276CB9EF7E}.Debug|Any CPU.Build.0 = Debug|Any CPU
		{CB227327-B512-4442-8F88-68276CB9EF7E}.Release|Any CPU.ActiveCfg = Release|Any CPU
		{CB227327-B512-4442-8F88-68276CB9EF7E}.Release|Any CPU.Build.0 = Release|Any CPU
		{2A59654E-A330-4DDB-A7EF-BF650EB33A66}.Debug|Any CPU.ActiveCfg = Debug|Any CPU
		{2A59654E-A330-4DDB-A7EF-BF650EB33A66}.Debug|Any CPU.Build.0 = Debug|Any CPU
		{2A59654E-A330-4DDB-A7EF-BF650EB33A66}.Release|Any CPU.ActiveCfg = Release|Any CPU
		{2A59654E-A330-4DDB-A7EF-BF650EB33A66}.Release|Any CPU.Build.0 = Release|Any CPU
		{6538A3C4-16CB-4298-81FF-B0D2CBBA472D}.Debug|Any CPU.ActiveCfg = Debug|Any CPU
		{6538A3C4-16CB-4298-81FF-B0D2CBBA472D}.Debug|Any CPU.Build.0 = Debug|Any CPU
		{6538A3C4-16CB-4298-81FF-B0D2CBBA472D}.Release|Any CPU.ActiveCfg = Release|Any CPU
		{6538A3C4-16CB-4298-81FF-B0D2CBBA472D}.Release|Any CPU.Build.0 = Release|Any CPU
		{1A5D48EF-C9B6-4EC7-B430-7A64B4F31030}.Debug|Any CPU.ActiveCfg = Debug|Any CPU
		{1A5D48EF-C9B6-4EC7-B430-7A64B4F31030}.Debug|Any CPU.Build.0 = Debug|Any CPU
		{1A5D48EF-C9B6-4EC7-B430-7A64B4F31030}.Release|Any CPU.ActiveCfg = Release|Any CPU
		{1A5D48EF-C9B6-4EC7-B430-7A64B4F31030}.Release|Any CPU.Build.0 = Release|Any CPU
		{EDDC7690-7AEE-4FE8-88FB-4015D5C607B7}.Debug|Any CPU.ActiveCfg = Debug|Any CPU
		{EDDC7690-7AEE-4FE8-88FB-4015D5C607B7}.Debug|Any CPU.Build.0 = Debug|Any CPU
		{EDDC7690-7AEE-4FE8-88FB-4015D5C607B7}.Release|Any CPU.ActiveCfg = Release|Any CPU
		{EDDC7690-7AEE-4FE8-88FB-4015D5C607B7}.Release|Any CPU.Build.0 = Release|Any CPU
		{039038DC-4498-4DC3-8FF0-B2EFCC4D3291}.Debug|Any CPU.ActiveCfg = Debug|Any CPU
		{039038DC-4498-4DC3-8FF0-B2EFCC4D3291}.Debug|Any CPU.Build.0 = Debug|Any CPU
		{039038DC-4498-4DC3-8FF0-B2EFCC4D3291}.Release|Any CPU.ActiveCfg = Release|Any CPU
		{039038DC-4498-4DC3-8FF0-B2EFCC4D3291}.Release|Any CPU.Build.0 = Release|Any CPU
		{990DFFD4-075A-47D1-BD52-97D394E38645}.Debug|Any CPU.ActiveCfg = Debug|Any CPU
		{990DFFD4-075A-47D1-BD52-97D394E38645}.Debug|Any CPU.Build.0 = Debug|Any CPU
		{990DFFD4-075A-47D1-BD52-97D394E38645}.Release|Any CPU.ActiveCfg = Release|Any CPU
		{990DFFD4-075A-47D1-BD52-97D394E38645}.Release|Any CPU.Build.0 = Release|Any CPU
		{480F385F-75E5-4D9B-A77B-FC45751A50A0}.Debug|Any CPU.ActiveCfg = Debug|Any CPU
		{480F385F-75E5-4D9B-A77B-FC45751A50A0}.Debug|Any CPU.Build.0 = Debug|Any CPU
		{480F385F-75E5-4D9B-A77B-FC45751A50A0}.Release|Any CPU.ActiveCfg = Release|Any CPU
		{480F385F-75E5-4D9B-A77B-FC45751A50A0}.Release|Any CPU.Build.0 = Release|Any CPU
		{077D5D67-CDD9-4375-B54C-4DAE03A1B6CD}.Debug|Any CPU.ActiveCfg = Debug|Any CPU
		{077D5D67-CDD9-4375-B54C-4DAE03A1B6CD}.Debug|Any CPU.Build.0 = Debug|Any CPU
		{077D5D67-CDD9-4375-B54C-4DAE03A1B6CD}.Release|Any CPU.ActiveCfg = Release|Any CPU
		{077D5D67-CDD9-4375-B54C-4DAE03A1B6CD}.Release|Any CPU.Build.0 = Release|Any CPU
		{E40DDAE9-F934-43B6-8D76-190F7C695B6A}.Debug|Any CPU.ActiveCfg = Debug|Any CPU
		{E40DDAE9-F934-43B6-8D76-190F7C695B6A}.Debug|Any CPU.Build.0 = Debug|Any CPU
		{E40DDAE9-F934-43B6-8D76-190F7C695B6A}.Release|Any CPU.ActiveCfg = Release|Any CPU
		{E40DDAE9-F934-43B6-8D76-190F7C695B6A}.Release|Any CPU.Build.0 = Release|Any CPU
		{673A35BB-4DD8-4046-B871-102BA21472D2}.Debug|Any CPU.ActiveCfg = Debug|Any CPU
		{673A35BB-4DD8-4046-B871-102BA21472D2}.Debug|Any CPU.Build.0 = Debug|Any CPU
		{673A35BB-4DD8-4046-B871-102BA21472D2}.Release|Any CPU.ActiveCfg = Release|Any CPU
		{673A35BB-4DD8-4046-B871-102BA21472D2}.Release|Any CPU.Build.0 = Release|Any CPU
		{FD768B0F-519C-424A-836B-CF2E87138AE4}.Debug|Any CPU.ActiveCfg = Debug|Any CPU
		{FD768B0F-519C-424A-836B-CF2E87138AE4}.Debug|Any CPU.Build.0 = Debug|Any CPU
		{FD768B0F-519C-424A-836B-CF2E87138AE4}.Release|Any CPU.ActiveCfg = Release|Any CPU
		{FD768B0F-519C-424A-836B-CF2E87138AE4}.Release|Any CPU.Build.0 = Release|Any CPU
	EndGlobalSection
	GlobalSection(SolutionProperties) = preSolution
		HideSolutionNode = FALSE
	EndGlobalSection
	GlobalSection(NestedProjects) = preSolution
		{3C74BF94-212A-48D7-A235-0D86FD000FB7} = {07905349-F190-4089-BD46-458CDD9C99AC}
		{28930817-B2A1-49ED-AC37-4EFE0238B51B} = {07905349-F190-4089-BD46-458CDD9C99AC}
		{712D23E0-51F5-4A1D-913B-A7B50CC5250F} = {07905349-F190-4089-BD46-458CDD9C99AC}
		{AB69A5FC-B62F-4728-98FE-134A1DAEC647} = {07905349-F190-4089-BD46-458CDD9C99AC}
		{FBC014A3-A36C-4AFF-B681-296016B772B5} = {07905349-F190-4089-BD46-458CDD9C99AC}
		{5CC028A8-ACF7-4FCF-AB15-9C0E40270598} = {8D6C950E-EFA5-4BF3-908D-9816EA84B3C0}
		{2F64AFBE-6C56-4C41-8E52-FE20ED551E01} = {8D6C950E-EFA5-4BF3-908D-9816EA84B3C0}
		{CB227327-B512-4442-8F88-68276CB9EF7E} = {8D6C950E-EFA5-4BF3-908D-9816EA84B3C0}
		{2A59654E-A330-4DDB-A7EF-BF650EB33A66} = {8D6C950E-EFA5-4BF3-908D-9816EA84B3C0}
		{6538A3C4-16CB-4298-81FF-B0D2CBBA472D} = {8D6C950E-EFA5-4BF3-908D-9816EA84B3C0}
		{1A5D48EF-C9B6-4EC7-B430-7A64B4F31030} = {2FD8E4DB-CAD3-493A-AEB0-FE5525EEB499}
		{EDDC7690-7AEE-4FE8-88FB-4015D5C607B7} = {2FD8E4DB-CAD3-493A-AEB0-FE5525EEB499}
		{039038DC-4498-4DC3-8FF0-B2EFCC4D3291} = {2FD8E4DB-CAD3-493A-AEB0-FE5525EEB499}
		{990DFFD4-075A-47D1-BD52-97D394E38645} = {2FD8E4DB-CAD3-493A-AEB0-FE5525EEB499}
		{480F385F-75E5-4D9B-A77B-FC45751A50A0} = {CC776CFB-8BED-4CED-8807-A1B37E8B7AF9}
		{077D5D67-CDD9-4375-B54C-4DAE03A1B6CD} = {CC776CFB-8BED-4CED-8807-A1B37E8B7AF9}
		{E40DDAE9-F934-43B6-8D76-190F7C695B6A} = {CC776CFB-8BED-4CED-8807-A1B37E8B7AF9}
		{673A35BB-4DD8-4046-B871-102BA21472D2} = {CC776CFB-8BED-4CED-8807-A1B37E8B7AF9}
		{FD768B0F-519C-424A-836B-CF2E87138AE4} = {79D21972-49F3-4CD9-B906-B84525475DF6}
	EndGlobalSection
	GlobalSection(ExtensibilityGlobals) = postSolution
		SolutionGuid = {D0DF395A-E54F-43C3-BA39-7931B4894207}
	EndGlobalSection
EndGlobal
